
Microsoft Visual Studio Solution File, Format Version 12.00
# Visual Studio Version 17
VisualStudioVersion = 17.4.33110.190
MinimumVisualStudioVersion = 10.0.40219.1
Project("{FAE04EC0-301F-11D3-BF4B-00C04F79EFBC}") = "BlazorApp1.Server", "BlazorApp1\Server\BlazorApp1.Server.csproj", "{292A60B8-A26E-4414-8C76-8C540CBFD1F4}"
EndProject
Project("{FAE04EC0-301F-11D3-BF4B-00C04F79EFBC}") = "BlazorApp1.Client", "BlazorApp1\Client\BlazorApp1.Client.csproj", "{146B8DE3-F95E-4670-B57B-2963CB4AA360}"
EndProject
Project("{FAE04EC0-301F-11D3-BF4B-00C04F79EFBC}") = "BlazorApp1.Shared", "BlazorApp1\Shared\BlazorApp1.Shared.csproj", "{A0F1463E-FBA7-4291-9EE0-6E9C72F32C0F}"
EndProject
Global
	GlobalSection(SolutionConfigurationPlatforms) = preSolution
		Debug|Any CPU = Debug|Any CPU
		Release|Any CPU = Release|Any CPU
	EndGlobalSection
	GlobalSection(ProjectConfigurationPlatforms) = postSolution
		{292A60B8-A26E-4414-8C76-8C540CBFD1F4}.Debug|Any CPU.ActiveCfg = Debug|Any CPU
		{292A60B8-A26E-4414-8C76-8C540CBFD1F4}.Debug|Any CPU.Build.0 = Debug|Any CPU
		{292A60B8-A26E-4414-8C76-8C540CBFD1F4}.Release|Any CPU.ActiveCfg = Release|Any CPU
		{292A60B8-A26E-4414-8C76-8C540CBFD1F4}.Release|Any CPU.Build.0 = Release|Any CPU
		{146B8DE3-F95E-4670-B57B-2963CB4AA360}.Debug|Any CPU.ActiveCfg = Debug|Any CPU
		{146B8DE3-F95E-4670-B57B-2963CB4AA360}.Debug|Any CPU.Build.0 = Debug|Any CPU
		{146B8DE3-F95E-4670-B57B-2963CB4AA360}.Release|Any CPU.ActiveCfg = Release|Any CPU
		{146B8DE3-F95E-4670-B57B-2963CB4AA360}.Release|Any CPU.Build.0 = Release|Any CPU
		{A0F1463E-FBA7-4291-9EE0-6E9C72F32C0F}.Debug|Any CPU.ActiveCfg = Debug|Any CPU
		{A0F1463E-FBA7-4291-9EE0-6E9C72F32C0F}.Debug|Any CPU.Build.0 = Debug|Any CPU
		{A0F1463E-FBA7-4291-9EE0-6E9C72F32C0F}.Release|Any CPU.ActiveCfg = Release|Any CPU
		{A0F1463E-FBA7-4291-9EE0-6E9C72F32C0F}.Release|Any CPU.Build.0 = Release|Any CPU
	EndGlobalSection
	GlobalSection(SolutionProperties) = preSolution
		HideSolutionNode = FALSE
	EndGlobalSection
	GlobalSection(ExtensibilityGlobals) = postSolution
		SolutionGuid = {9C6541B7-DFD8-483B-8F2F-4AA6C0FF8400}
	EndGlobalSection
EndGlobal
